
Microsoft Visual Studio Solution File, Format Version 12.00
# Visual Studio Version 17
VisualStudioVersion = 17.9.34616.47
MinimumVisualStudioVersion = 10.0.40219.1
Project("{FAE04EC0-301F-11D3-BF4B-00C04F79EFBC}") = "EmployeeManagementSystem", "EmployeeManagementSystem\EmployeeManagementSystem.csproj", "{33F58244-D7A6-4EC4-BFDA-83D4B281B3DD}"
EndProject
Global
	GlobalSection(SolutionConfigurationPlatforms) = preSolution
		Debug|Any CPU = Debug|Any CPU
		Release|Any CPU = Release|Any CPU
	EndGlobalSection
	GlobalSection(ProjectConfigurationPlatforms) = postSolution
		{33F58244-D7A6-4EC4-BFDA-83D4B281B3DD}.Debug|Any CPU.ActiveCfg = Debug|Any CPU
		{33F58244-D7A6-4EC4-BFDA-83D4B281B3DD}.Debug|Any CPU.Build.0 = Debug|Any CPU
		{33F58244-D7A6-4EC4-BFDA-83D4B281B3DD}.Release|Any CPU.ActiveCfg = Release|Any CPU
		{33F58244-D7A6-4EC4-BFDA-83D4B281B3DD}.Release|Any CPU.Build.0 = Release|Any CPU
	EndGlobalSection
	GlobalSection(SolutionProperties) = preSolution
		HideSolutionNode = FALSE
	EndGlobalSection
	GlobalSection(ExtensibilityGlobals) = postSolution
		SolutionGuid = {26019F47-5DB5-4C45-93DA-595000648603}
	EndGlobalSection
EndGlobal
